
Microsoft Visual Studio Solution File, Format Version 12.00
# Visual Studio Version 17
VisualStudioVersion = 17.10.34928.147
MinimumVisualStudioVersion = 10.0.40219.1
Project("{FAE04EC0-301F-11D3-BF4B-00C04F79EFBC}") = "5.PlayCatch", "5.PlayCatch.csproj", "{D70FB2E7-E3F3-41F4-8064-8B085F3026E5}"
EndProject
Global
	GlobalSection(SolutionConfigurationPlatforms) = preSolution
		Debug|Any CPU = Debug|Any CPU
		Release|Any CPU = Release|Any CPU
	EndGlobalSection
	GlobalSection(ProjectConfigurationPlatforms) = postSolution
		{D70FB2E7-E3F3-41F4-8064-8B085F3026E5}.Debug|Any CPU.ActiveCfg = Debug|Any CPU
		{D70FB2E7-E3F3-41F4-8064-8B085F3026E5}.Debug|Any CPU.Build.0 = Debug|Any CPU
		{D70FB2E7-E3F3-41F4-8064-8B085F3026E5}.Release|Any CPU.ActiveCfg = Release|Any CPU
		{D70FB2E7-E3F3-41F4-8064-8B085F3026E5}.Release|Any CPU.Build.0 = Release|Any CPU
	EndGlobalSection
	GlobalSection(SolutionProperties) = preSolution
		HideSolutionNode = FALSE
	EndGlobalSection
	GlobalSection(ExtensibilityGlobals) = postSolution
		SolutionGuid = {909169F3-EF2E-4D2E-A6E1-562377E1B76C}
	EndGlobalSection
EndGlobal
