
Microsoft Visual Studio Solution File, Format Version 12.00
# Visual Studio Version 17
VisualStudioVersion = 17.10.34928.147
MinimumVisualStudioVersion = 10.0.40219.1
Project("{FAE04EC0-301F-11D3-BF4B-00C04F79EFBC}") = "Shapes", "Shapes.csproj", "{AA464F90-3CCC-4045-84B4-8F7FA9182A1D}"
EndProject
Global
	GlobalSection(SolutionConfigurationPlatforms) = preSolution
		Debug|Any CPU = Debug|Any CPU
		Release|Any CPU = Release|Any CPU
	EndGlobalSection
	GlobalSection(ProjectConfigurationPlatforms) = postSolution
		{AA464F90-3CCC-4045-84B4-8F7FA9182A1D}.Debug|Any CPU.ActiveCfg = Debug|Any CPU
		{AA464F90-3CCC-4045-84B4-8F7FA9182A1D}.Debug|Any CPU.Build.0 = Debug|Any CPU
		{AA464F90-3CCC-4045-84B4-8F7FA9182A1D}.Release|Any CPU.ActiveCfg = Release|Any CPU
		{AA464F90-3CCC-4045-84B4-8F7FA9182A1D}.Release|Any CPU.Build.0 = Release|Any CPU
	EndGlobalSection
	GlobalSection(SolutionProperties) = preSolution
		HideSolutionNode = FALSE
	EndGlobalSection
	GlobalSection(ExtensibilityGlobals) = postSolution
		SolutionGuid = {72B2B1F1-1BB1-4DA8-837C-A59D46406821}
	EndGlobalSection
EndGlobal
