
Microsoft Visual Studio Solution File, Format Version 12.00
# Visual Studio Version 17
VisualStudioVersion = 17.10.34928.147
MinimumVisualStudioVersion = 10.0.40219.1
Project("{FAE04EC0-301F-11D3-BF4B-00C04F79EFBC}") = "4. SumOfIntegers", "4. SumOfIntegers.csproj", "{FBE220B2-666D-47BA-B714-AEF603E5D29E}"
EndProject
Global
	GlobalSection(SolutionConfigurationPlatforms) = preSolution
		Debug|Any CPU = Debug|Any CPU
		Release|Any CPU = Release|Any CPU
	EndGlobalSection
	GlobalSection(ProjectConfigurationPlatforms) = postSolution
		{FBE220B2-666D-47BA-B714-AEF603E5D29E}.Debug|Any CPU.ActiveCfg = Debug|Any CPU
		{FBE220B2-666D-47BA-B714-AEF603E5D29E}.Debug|Any CPU.Build.0 = Debug|Any CPU
		{FBE220B2-666D-47BA-B714-AEF603E5D29E}.Release|Any CPU.ActiveCfg = Release|Any CPU
		{FBE220B2-666D-47BA-B714-AEF603E5D29E}.Release|Any CPU.Build.0 = Release|Any CPU
	EndGlobalSection
	GlobalSection(SolutionProperties) = preSolution
		HideSolutionNode = FALSE
	EndGlobalSection
	GlobalSection(ExtensibilityGlobals) = postSolution
		SolutionGuid = {381E49AD-4BB6-4570-8481-DC4CBEC40D35}
	EndGlobalSection
EndGlobal
