
Microsoft Visual Studio Solution File, Format Version 12.00
# Visual Studio Version 17
VisualStudioVersion = 17.10.34928.147
MinimumVisualStudioVersion = 10.0.40219.1
Project("{FAE04EC0-301F-11D3-BF4B-00C04F79EFBC}") = "ClassBoxData", "ClassBoxData\ClassBoxData.csproj", "{EACF2183-A2F5-4051-ACCD-6AD87FD042CA}"
EndProject
Global
	GlobalSection(SolutionConfigurationPlatforms) = preSolution
		Debug|Any CPU = Debug|Any CPU
		Release|Any CPU = Release|Any CPU
	EndGlobalSection
	GlobalSection(ProjectConfigurationPlatforms) = postSolution
		{EACF2183-A2F5-4051-ACCD-6AD87FD042CA}.Debug|Any CPU.ActiveCfg = Debug|Any CPU
		{EACF2183-A2F5-4051-ACCD-6AD87FD042CA}.Debug|Any CPU.Build.0 = Debug|Any CPU
		{EACF2183-A2F5-4051-ACCD-6AD87FD042CA}.Release|Any CPU.ActiveCfg = Release|Any CPU
		{EACF2183-A2F5-4051-ACCD-6AD87FD042CA}.Release|Any CPU.Build.0 = Release|Any CPU
	EndGlobalSection
	GlobalSection(SolutionProperties) = preSolution
		HideSolutionNode = FALSE
	EndGlobalSection
	GlobalSection(ExtensibilityGlobals) = postSolution
		SolutionGuid = {180A4BA6-5D2F-418E-B568-11E015007C4C}
	EndGlobalSection
EndGlobal
